
Microsoft Visual Studio Solution File, Format Version 12.00
# Visual Studio Version 16
VisualStudioVersion = 16.0.32106.194
MinimumVisualStudioVersion = 10.0.40219.1
Project("{FAE04EC0-301F-11D3-BF4B-00C04F79EFBC}") = "TBMLogCommandLineOptions", "TBMLogCommandLineOptions.csproj", "{0D821EC2-8E2F-4F99-985A-F3C4E5B430B5}"
EndProject
Global
	GlobalSection(SolutionConfigurationPlatforms) = preSolution
		Debug|Any CPU = Debug|Any CPU
		Release|Any CPU = Release|Any CPU
	EndGlobalSection
	GlobalSection(ProjectConfigurationPlatforms) = postSolution
		{0D821EC2-8E2F-4F99-985A-F3C4E5B430B5}.Debug|Any CPU.ActiveCfg = Debug|Any CPU
		{0D821EC2-8E2F-4F99-985A-F3C4E5B430B5}.Debug|Any CPU.Build.0 = Debug|Any CPU
		{0D821EC2-8E2F-4F99-985A-F3C4E5B430B5}.Release|Any CPU.ActiveCfg = Release|Any CPU
		{0D821EC2-8E2F-4F99-985A-F3C4E5B430B5}.Release|Any CPU.Build.0 = Release|Any CPU
	EndGlobalSection
	GlobalSection(SolutionProperties) = preSolution
		HideSolutionNode = FALSE
	EndGlobalSection
	GlobalSection(ExtensibilityGlobals) = postSolution
		SolutionGuid = {5D2043B4-529E-4516-B9E6-DD9B0D25FFDB}
	EndGlobalSection
EndGlobal
